{
  "name": "cruncheevos-playtest",
  "version": "0.1.0",
  "lockfileVersion": 3,
  "requires": true,
  "packages": {
    "": {
      "name": "cruncheevos-playtest",
      "version": "0.1.0",
      "license": "MIT",
      "bin": {
        "cruncheevos-playtest": "bin/cli.js"
      },
      "engines": {
        "node": ">=18"
      }
    }
  }
}
